# Source identities for the upstream tasksets and evaluator.
PRIME_ENVS_REPOSITORY=https://github.com/PrimeIntellect-ai/prime-envs.git
PRIME_ENVS_REVISION=c4d04dfe212c153a587ea4ce072ae6753e74d6e9
VERIFIERS_REPOSITORY=https://github.com/PrimeIntellect-ai/verifiers.git
VERIFIERS_TAG=v0.3.1
VERIFIERS_TAG_REVISION=b2e4e8157783b2c0dffc7821044c87f29f1c3ccf
VERIFIERS_REVISION=ef47b2e96284a00bdcfc1012b9624b0c41ee6a0e
VERIFIERS_VERSION=0.3.2.dev86
CHAT_PROGRAM_SHA256=99f77d0c68f8ea9ab00fde62eab91a5e38aaf5f596407ef02fa6dbb989d6663f
LIVECODEBENCH_PROGRAM_SHA256=88da02df6d8e24f84038b657566d61c75b9da7032b8e092edc4b9c24a75408da
